
Microsoft Visual Studio Solution File, Format Version 12.00
# Visual Studio Version 17
VisualStudioVersion = 17.7.34009.444
MinimumVisualStudioVersion = 10.0.40219.1
Project("{9A19103F-16F7-4668-BE54-9A1E7A4F7556}") = "Organization", "Organization\Organization.csproj", "{88D322ED-12DA-4229-9BC3-C281623F9A36}"
EndProject
Project("{FAE04EC0-301F-11D3-BF4B-00C04F79EFBC}") = "Organization.Tests", "Organization.Tests\Organization.Tests.csproj", "{94AB865D-29E2-4C8D-9146-D09D4BAFC6CA}"
EndProject
Global
	GlobalSection(SolutionConfigurationPlatforms) = preSolution
		Debug|Any CPU = Debug|Any CPU
		Release|Any CPU = Release|Any CPU
	EndGlobalSection
	GlobalSection(ProjectConfigurationPlatforms) = postSolution
		{88D322ED-12DA-4229-9BC3-C281623F9A36}.Debug|Any CPU.ActiveCfg = Debug|Any CPU
		{88D322ED-12DA-4229-9BC3-C281623F9A36}.Debug|Any CPU.Build.0 = Debug|Any CPU
		{88D322ED-12DA-4229-9BC3-C281623F9A36}.Release|Any CPU.ActiveCfg = Release|Any CPU
		{88D322ED-12DA-4229-9BC3-C281623F9A36}.Release|Any CPU.Build.0 = Release|Any CPU
		{94AB865D-29E2-4C8D-9146-D09D4BAFC6CA}.Debug|Any CPU.ActiveCfg = Debug|Any CPU
		{94AB865D-29E2-4C8D-9146-D09D4BAFC6CA}.Debug|Any CPU.Build.0 = Debug|Any CPU
		{94AB865D-29E2-4C8D-9146-D09D4BAFC6CA}.Release|Any CPU.ActiveCfg = Release|Any CPU
		{94AB865D-29E2-4C8D-9146-D09D4BAFC6CA}.Release|Any CPU.Build.0 = Release|Any CPU
	EndGlobalSection
	GlobalSection(SolutionProperties) = preSolution
		HideSolutionNode = FALSE
	EndGlobalSection
	GlobalSection(ExtensibilityGlobals) = postSolution
		SolutionGuid = {D8F58390-559F-4586-BE96-2B221A7E0E57}
	EndGlobalSection
EndGlobal
